
Microsoft Visual Studio Solution File, Format Version 12.00
# Visual Studio Version 17
VisualStudioVersion = 17.9.34607.119
MinimumVisualStudioVersion = 10.0.40219.1
Project("{FAE04EC0-301F-11D3-BF4B-00C04F79EFBC}") = "HolaMundoWebForms", "HolaMundoWebForms\HolaMundoWebForms.csproj", "{EB988595-480E-4190-B37B-D210046B9BF0}"
EndProject
Global
	GlobalSection(SolutionConfigurationPlatforms) = preSolution
		Debug|Any CPU = Debug|Any CPU
		Release|Any CPU = Release|Any CPU
	EndGlobalSection
	GlobalSection(ProjectConfigurationPlatforms) = postSolution
		{EB988595-480E-4190-B37B-D210046B9BF0}.Debug|Any CPU.ActiveCfg = Debug|Any CPU
		{EB988595-480E-4190-B37B-D210046B9BF0}.Debug|Any CPU.Build.0 = Debug|Any CPU
		{EB988595-480E-4190-B37B-D210046B9BF0}.Release|Any CPU.ActiveCfg = Release|Any CPU
		{EB988595-480E-4190-B37B-D210046B9BF0}.Release|Any CPU.Build.0 = Release|Any CPU
	EndGlobalSection
	GlobalSection(SolutionProperties) = preSolution
		HideSolutionNode = FALSE
	EndGlobalSection
	GlobalSection(ExtensibilityGlobals) = postSolution
		SolutionGuid = {DAC74996-C790-4C55-8D2D-CD9DAB5E6096}
	EndGlobalSection
EndGlobal
