
Microsoft Visual Studio Solution File, Format Version 12.00
# Visual Studio Version 17
VisualStudioVersion = 17.2.32516.85
MinimumVisualStudioVersion = 10.0.40219.1
Project("{FAE04EC0-301F-11D3-BF4B-00C04F79EFBC}") = "MVC_Razor_ADO_test", "MVC_Razor_ADO_test\MVC_Razor_ADO_test.csproj", "{4E7D7816-A9F5-4371-B9DF-F48C0101DB7E}"
EndProject
Global
	GlobalSection(SolutionConfigurationPlatforms) = preSolution
		Debug|Any CPU = Debug|Any CPU
		Release|Any CPU = Release|Any CPU
	EndGlobalSection
	GlobalSection(ProjectConfigurationPlatforms) = postSolution
		{4E7D7816-A9F5-4371-B9DF-F48C0101DB7E}.Debug|Any CPU.ActiveCfg = Debug|Any CPU
		{4E7D7816-A9F5-4371-B9DF-F48C0101DB7E}.Debug|Any CPU.Build.0 = Debug|Any CPU
		{4E7D7816-A9F5-4371-B9DF-F48C0101DB7E}.Release|Any CPU.ActiveCfg = Release|Any CPU
		{4E7D7816-A9F5-4371-B9DF-F48C0101DB7E}.Release|Any CPU.Build.0 = Release|Any CPU
	EndGlobalSection
	GlobalSection(SolutionProperties) = preSolution
		HideSolutionNode = FALSE
	EndGlobalSection
	GlobalSection(ExtensibilityGlobals) = postSolution
		SolutionGuid = {907EEDA2-EC30-46CA-9C25-B2CFA91BC566}
	EndGlobalSection
EndGlobal
