
Microsoft Visual Studio Solution File, Format Version 12.00
# Visual Studio Version 17
VisualStudioVersion = 17.2.32516.85
MinimumVisualStudioVersion = 10.0.40219.1
Project("{FAE04EC0-301F-11D3-BF4B-00C04F79EFBC}") = "WebAPIEstatusAlumnos", "WebAPIEstatusAlumnos\WebAPIEstatusAlumnos.csproj", "{D5C54A3F-3558-422E-8571-6BBBFED3CDA9}"
EndProject
Global
	GlobalSection(SolutionConfigurationPlatforms) = preSolution
		Debug|Any CPU = Debug|Any CPU
		Release|Any CPU = Release|Any CPU
	EndGlobalSection
	GlobalSection(ProjectConfigurationPlatforms) = postSolution
		{D5C54A3F-3558-422E-8571-6BBBFED3CDA9}.Debug|Any CPU.ActiveCfg = Debug|Any CPU
		{D5C54A3F-3558-422E-8571-6BBBFED3CDA9}.Debug|Any CPU.Build.0 = Debug|Any CPU
		{D5C54A3F-3558-422E-8571-6BBBFED3CDA9}.Release|Any CPU.ActiveCfg = Release|Any CPU
		{D5C54A3F-3558-422E-8571-6BBBFED3CDA9}.Release|Any CPU.Build.0 = Release|Any CPU
	EndGlobalSection
	GlobalSection(SolutionProperties) = preSolution
		HideSolutionNode = FALSE
	EndGlobalSection
	GlobalSection(ExtensibilityGlobals) = postSolution
		SolutionGuid = {483B9414-3A29-4685-8345-589FC9AD5539}
	EndGlobalSection
EndGlobal
