
Microsoft Visual Studio Solution File, Format Version 12.00
# Visual Studio Version 17
VisualStudioVersion = 17.2.32516.85
MinimumVisualStudioVersion = 10.0.40219.1
Project("{FAE04EC0-301F-11D3-BF4B-00C04F79EFBC}") = "CRUDPRUEBA", "CRUDPRUEBA\CRUDPRUEBA.csproj", "{4EA5E364-273D-4947-882A-A256C28A8824}"
EndProject
Global
	GlobalSection(SolutionConfigurationPlatforms) = preSolution
		Debug|Any CPU = Debug|Any CPU
		Release|Any CPU = Release|Any CPU
	EndGlobalSection
	GlobalSection(ProjectConfigurationPlatforms) = postSolution
		{4EA5E364-273D-4947-882A-A256C28A8824}.Debug|Any CPU.ActiveCfg = Debug|Any CPU
		{4EA5E364-273D-4947-882A-A256C28A8824}.Debug|Any CPU.Build.0 = Debug|Any CPU
		{4EA5E364-273D-4947-882A-A256C28A8824}.Release|Any CPU.ActiveCfg = Release|Any CPU
		{4EA5E364-273D-4947-882A-A256C28A8824}.Release|Any CPU.Build.0 = Release|Any CPU
	EndGlobalSection
	GlobalSection(SolutionProperties) = preSolution
		HideSolutionNode = FALSE
	EndGlobalSection
	GlobalSection(ExtensibilityGlobals) = postSolution
		SolutionGuid = {F04095E4-05E4-4044-B1EB-1FC31B844409}
	EndGlobalSection
EndGlobal
