
Microsoft Visual Studio Solution File, Format Version 12.00
# Visual Studio Version 17
VisualStudioVersion = 17.2.32516.85
MinimumVisualStudioVersion = 10.0.40219.1
Project("{FAE04EC0-301F-11D3-BF4B-00C04F79EFBC}") = "MVC_Razor_ADO", "MVC_Razor_ADO\MVC_Razor_ADO.csproj", "{3016DC73-7E38-4362-BDBA-8C0ABCC6E17E}"
EndProject
Global
	GlobalSection(SolutionConfigurationPlatforms) = preSolution
		Debug|Any CPU = Debug|Any CPU
		Release|Any CPU = Release|Any CPU
	EndGlobalSection
	GlobalSection(ProjectConfigurationPlatforms) = postSolution
		{3016DC73-7E38-4362-BDBA-8C0ABCC6E17E}.Debug|Any CPU.ActiveCfg = Debug|Any CPU
		{3016DC73-7E38-4362-BDBA-8C0ABCC6E17E}.Debug|Any CPU.Build.0 = Debug|Any CPU
		{3016DC73-7E38-4362-BDBA-8C0ABCC6E17E}.Release|Any CPU.ActiveCfg = Release|Any CPU
		{3016DC73-7E38-4362-BDBA-8C0ABCC6E17E}.Release|Any CPU.Build.0 = Release|Any CPU
	EndGlobalSection
	GlobalSection(SolutionProperties) = preSolution
		HideSolutionNode = FALSE
	EndGlobalSection
	GlobalSection(ExtensibilityGlobals) = postSolution
		SolutionGuid = {E13E6AB4-27CB-48AE-B855-429D1DD6FD4B}
	EndGlobalSection
EndGlobal
