
Microsoft Visual Studio Solution File, Format Version 12.00
# Visual Studio Version 17
VisualStudioVersion = 17.2.32516.85
MinimumVisualStudioVersion = 10.0.40219.1
Project("{FAE04EC0-301F-11D3-BF4B-00C04F79EFBC}") = "HolaMundoWebForms", "HolaMundoWebForms\HolaMundoWebForms.csproj", "{4D06D245-9CF0-4BB4-AA05-B68474A2A1BD}"
EndProject
Global
	GlobalSection(SolutionConfigurationPlatforms) = preSolution
		Debug|Any CPU = Debug|Any CPU
		Release|Any CPU = Release|Any CPU
	EndGlobalSection
	GlobalSection(ProjectConfigurationPlatforms) = postSolution
		{4D06D245-9CF0-4BB4-AA05-B68474A2A1BD}.Debug|Any CPU.ActiveCfg = Debug|Any CPU
		{4D06D245-9CF0-4BB4-AA05-B68474A2A1BD}.Debug|Any CPU.Build.0 = Debug|Any CPU
		{4D06D245-9CF0-4BB4-AA05-B68474A2A1BD}.Release|Any CPU.ActiveCfg = Release|Any CPU
		{4D06D245-9CF0-4BB4-AA05-B68474A2A1BD}.Release|Any CPU.Build.0 = Release|Any CPU
	EndGlobalSection
	GlobalSection(SolutionProperties) = preSolution
		HideSolutionNode = FALSE
	EndGlobalSection
	GlobalSection(ExtensibilityGlobals) = postSolution
		SolutionGuid = {E439BE30-E490-449B-B2D1-473EA09F16A3}
	EndGlobalSection
EndGlobal
